// !$*UTF8*$!
{
	archiveVersion = 1;
	classes = {
	};
	objectVersion = 46;
	objects = {

/* Begin PBXBuildFile section */
		4C75C0321431C4BF00D35C74 /* Cocoa.framework in Frameworks */ = {isa = PBXBuildFile; fileRef = 4C75C0311431C4BF00D35C74 /* Cocoa.framework */; };
		4C75C03C1431C4BF00D35C74 /* InfoPlist.strings in Resources */ = {isa = PBXBuildFile; fileRef = 4C75C03A1431C4BF00D35C74 /* InfoPlist.strings */; };
		4C75C03E1431C4BF00D35C74 /* main.m in Sources */ = {isa = PBXBuildFile; fileRef = 4C75C03D1431C4BF00D35C74 /* main.m */; };
		4C75C0421431C4BF00D35C74 /* Credits.rtf in Resources */ = {isa = PBXBuildFile; fileRef = 4C75C0401431C4BF00D35C74 /* Credits.rtf */; };
		4C75C0451431C4BF00D35C74 /* FullScreenUIElementAppDelegate.m in Sources */ = {isa = PBXBuildFile; fileRef = 4C75C0441431C4BF00D35C74 /* FullScreenUIElementAppDelegate.m */; };
		4C75C0481431C4BF00D35C74 /* MainMenu.xib in Resources */ = {isa = PBXBuildFile; fileRef = 4C75C0461431C4BF00D35C74 /* MainMenu.xib */; };
/* End PBXBuildFile section */

/* Begin PBXFileReference section */
		4C75C02D1431C4BF00D35C74 /* FullScreenUIElement.app */ = {isa = PBXFileReference; explicitFileType = wrapper.application; includeInIndex = 0; path = FullScreenUIElement.app; sourceTree = BUILT_PRODUCTS_DIR; };
		4C75C0311431C4BF00D35C74 /* Cocoa.framework */ = {isa = PBXFileReference; lastKnownFileType = wrapper.framework; name = Cocoa.framework; path = System/Library/Frameworks/Cocoa.framework; sourceTree = SDKROOT; };
		4C75C0341431C4BF00D35C74 /* AppKit.framework */ = {isa = PBXFileReference; lastKnownFileType = wrapper.framework; name = AppKit.framework; path = System/Library/Frameworks/AppKit.framework; sourceTree = SDKROOT; };
		4C75C0351431C4BF00D35C74 /* CoreData.framework */ = {isa = PBXFileReference; lastKnownFileType = wrapper.framework; name = CoreData.framework; path = System/Library/Frameworks/CoreData.framework; sourceTree = SDKROOT; };
		4C75C0361431C4BF00D35C74 /* Foundation.framework */ = {isa = PBXFileReference; lastKnownFileType = wrapper.framework; name = Foundation.framework; path = System/Library/Frameworks/Foundation.framework; sourceTree = SDKROOT; };
		4C75C0391431C4BF00D35C74 /* FullScreenUIElement-Info.plist */ = {isa = PBXFileReference; lastKnownFileType = text.plist.xml; path = "FullScreenUIElement-Info.plist"; sourceTree = "<group>"; };
		4C75C03B1431C4BF00D35C74 /* en */ = {isa = PBXFileReference; lastKnownFileType = text.plist.strings; name = en; path = en.lproj/InfoPlist.strings; sourceTree = "<group>"; };
		4C75C03D1431C4BF00D35C74 /* main.m */ = {isa = PBXFileReference; lastKnownFileType = sourcecode.c.objc; path = main.m; sourceTree = "<group>"; };
		4C75C03F1431C4BF00D35C74 /* FullScreenUIElement-Prefix.pch */ = {isa = PBXFileReference; lastKnownFileType = sourcecode.c.h; path = "FullScreenUIElement-Prefix.pch"; sourceTree = "<group>"; };
		4C75C0411431C4BF00D35C74 /* en */ = {isa = PBXFileReference; lastKnownFileType = text.rtf; name = en; path = en.lproj/Credits.rtf; sourceTree = "<group>"; };
		4C75C0431431C4BF00D35C74 /* FullScreenUIElementAppDelegate.h */ = {isa = PBXFileReference; lastKnownFileType = sourcecode.c.h; path = FullScreenUIElementAppDelegate.h; sourceTree = "<group>"; };
		4C75C0441431C4BF00D35C74 /* FullScreenUIElementAppDelegate.m */ = {isa = PBXFileReference; lastKnownFileType = sourcecode.c.objc; path = FullScreenUIElementAppDelegate.m; sourceTree = "<group>"; };
		4C75C0471431C4BF00D35C74 /* en */ = {isa = PBXFileReference; lastKnownFileType = file.xib; name = en; path = en.lproj/MainMenu.xib; sourceTree = "<group>"; };
/* End PBXFileReference section */

/* Begin PBXFrameworksBuildPhase section */
		4C75C02A1431C4BF00D35C74 /* Frameworks */ = {
			isa = PBXFrameworksBuildPhase;
			buildActionMask = 2147483647;
			files = (
				4C75C0321431C4BF00D35C74 /* Cocoa.framework in Frameworks */,
			);
			runOnlyForDeploymentPostprocessing = 0;
		};
/* End PBXFrameworksBuildPhase section */

/* Begin PBXGroup section */
		4C75C0221431C4BF00D35C74 = {
			isa = PBXGroup;
			children = (
				4C75C0371431C4BF00D35C74 /* FullScreenUIElement */,
				4C75C0301431C4BF00D35C74 /* Frameworks */,
				4C75C02E1431C4BF00D35C74 /* Products */,
			);
			sourceTree = "<group>";
		};
		4C75C02E1431C4BF00D35C74 /* Products */ = {
			isa = PBXGroup;
			children = (
				4C75C02D1431C4BF00D35C74 /* FullScreenUIElement.app */,
			);
			name = Products;
			sourceTree = "<group>";
		};
		4C75C0301431C4BF00D35C74 /* Frameworks */ = {
			isa = PBXGroup;
			children = (
				4C75C0311431C4BF00D35C74 /* Cocoa.framework */,
				4C75C0331431C4BF00D35C74 /* Other Frameworks */,
			);
			name = Frameworks;
			sourceTree = "<group>";
		};
		4C75C0331431C4BF00D35C74 /* Other Frameworks */ = {
			isa = PBXGroup;
			children = (
				4C75C0341431C4BF00D35C74 /* AppKit.framework */,
				4C75C0351431C4BF00D35C74 /* CoreData.framework */,
				4C75C0361431C4BF00D35C74 /* Foundation.framework */,
			);
			name = "Other Frameworks";
			sourceTree = "<group>";
		};
		4C75C0371431C4BF00D35C74 /* FullScreenUIElement */ = {
			isa = PBXGroup;
			children = (
				4C75C0431431C4BF00D35C74 /* FullScreenUIElementAppDelegate.h */,
				4C75C0441431C4BF00D35C74 /* FullScreenUIElementAppDelegate.m */,
				4C75C0461431C4BF00D35C74 /* MainMenu.xib */,
				4C75C0381431C4BF00D35C74 /* Supporting Files */,
			);
			path = FullScreenUIElement;
			sourceTree = "<group>";
		};
		4C75C0381431C4BF00D35C74 /* Supporting Files */ = {
			isa = PBXGroup;
			children = (
				4C75C0391431C4BF00D35C74 /* FullScreenUIElement-Info.plist */,
				4C75C03A1431C4BF00D35C74 /* InfoPlist.strings */,
				4C75C03D1431C4BF00D35C74 /* main.m */,
				4C75C03F1431C4BF00D35C74 /* FullScreenUIElement-Prefix.pch */,
				4C75C0401431C4BF00D35C74 /* Credits.rtf */,
			);
			name = "Supporting Files";
			sourceTree = "<group>";
		};
/* End PBXGroup section */

/* Begin PBXNativeTarget section */
		4C75C02C1431C4BF00D35C74 /* FullScreenUIElement */ = {
			isa = PBXNativeTarget;
			buildConfigurationList = 4C75C04B1431C4BF00D35C74 /* Build configuration list for PBXNativeTarget "FullScreenUIElement" */;
			buildPhases = (
				4C75C0291431C4BF00D35C74 /* Sources */,
				4C75C02A1431C4BF00D35C74 /* Frameworks */,
				4C75C02B1431C4BF00D35C74 /* Resources */,
			);
			buildRules = (
			);
			dependencies = (
			);
			name = FullScreenUIElement;
			productName = FullScreenUIElement;
			productReference = 4C75C02D1431C4BF00D35C74 /* FullScreenUIElement.app */;
			productType = "com.apple.product-type.application";
		};
/* End PBXNativeTarget section */

/* Begin PBXProject section */
		4C75C0241431C4BF00D35C74 /* Project object */ = {
			isa = PBXProject;
			attributes = {
				ORGANIZATIONNAME = Pomcast.net;
			};
			buildConfigurationList = 4C75C0271431C4BF00D35C74 /* Build configuration list for PBXProject "FullScreenUIElement" */;
			compatibilityVersion = "Xcode 3.2";
			developmentRegion = English;
			hasScannedForEncodings = 0;
			knownRegions = (
				en,
			);
			mainGroup = 4C75C0221431C4BF00D35C74;
			productRefGroup = 4C75C02E1431C4BF00D35C74 /* Products */;
			projectDirPath = "";
			projectRoot = "";
			targets = (
				4C75C02C1431C4BF00D35C74 /* FullScreenUIElement */,
			);
		};
/* End PBXProject section */

/* Begin PBXResourcesBuildPhase section */
		4C75C02B1431C4BF00D35C74 /* Resources */ = {
			isa = PBXResourcesBuildPhase;
			buildActionMask = 2147483647;
			files = (
				4C75C03C1431C4BF00D35C74 /* InfoPlist.strings in Resources */,
				4C75C0421431C4BF00D35C74 /* Credits.rtf in Resources */,
				4C75C0481431C4BF00D35C74 /* MainMenu.xib in Resources */,
			);
			runOnlyForDeploymentPostprocessing = 0;
		};
/* End PBXResourcesBuildPhase section */

/* Begin PBXSourcesBuildPhase section */
		4C75C0291431C4BF00D35C74 /* Sources */ = {
			isa = PBXSourcesBuildPhase;
			buildActionMask = 2147483647;
			files = (
				4C75C03E1431C4BF00D35C74 /* main.m in Sources */,
				4C75C0451431C4BF00D35C74 /* FullScreenUIElementAppDelegate.m in Sources */,
			);
			runOnlyForDeploymentPostprocessing = 0;
		};
/* End PBXSourcesBuildPhase section */

/* Begin PBXVariantGroup section */
		4C75C03A1431C4BF00D35C74 /* InfoPlist.strings */ = {
			isa = PBXVariantGroup;
			children = (
				4C75C03B1431C4BF00D35C74 /* en */,
			);
			name = InfoPlist.strings;
			sourceTree = "<group>";
		};
		4C75C0401431C4BF00D35C74 /* Credits.rtf */ = {
			isa = PBXVariantGroup;
			children = (
				4C75C0411431C4BF00D35C74 /* en */,
			);
			name = Credits.rtf;
			sourceTree = "<group>";
		};
		4C75C0461431C4BF00D35C74 /* MainMenu.xib */ = {
			isa = PBXVariantGroup;
			children = (
				4C75C0471431C4BF00D35C74 /* en */,
			);
			name = MainMenu.xib;
			sourceTree = "<group>";
		};
/* End PBXVariantGroup section */

/* Begin XCBuildConfiguration section */
		4C75C0491431C4BF00D35C74 /* Debug */ = {
			isa = XCBuildConfiguration;
			buildSettings = {
				ALWAYS_SEARCH_USER_PATHS = NO;
				ARCHS = "$(ARCHS_STANDARD_64_BIT)";
				COPY_PHASE_STRIP = NO;
				GCC_C_LANGUAGE_STANDARD = gnu99;
				GCC_DYNAMIC_NO_PIC = NO;
				GCC_ENABLE_OBJC_EXCEPTIONS = YES;
				GCC_OPTIMIZATION_LEVEL = 0;
				GCC_PREPROCESSOR_DEFINITIONS = (
					"DEBUG=1",
					"$(inherited)",
				);
				GCC_SYMBOLS_PRIVATE_EXTERN = NO;
				GCC_VERSION = com.apple.compilers.llvm.clang.1_0;
				GCC_WARN_64_TO_32_BIT_CONVERSION = YES;
				GCC_WARN_ABOUT_MISSING_PROTOTYPES = YES;
				GCC_WARN_ABOUT_RETURN_TYPE = YES;
				GCC_WARN_UNUSED_VARIABLE = YES;
				MACOSX_DEPLOYMENT_TARGET = 10.7;
				ONLY_ACTIVE_ARCH = YES;
				SDKROOT = macosx;
			};
			name = Debug;
		};
		4C75C04A1431C4BF00D35C74 /* Release */ = {
			isa = XCBuildConfiguration;
			buildSettings = {
				ALWAYS_SEARCH_USER_PATHS = NO;
				ARCHS = "$(ARCHS_STANDARD_64_BIT)";
				COPY_PHASE_STRIP = YES;
				DEBUG_INFORMATION_FORMAT = "dwarf-with-dsym";
				GCC_C_LANGUAGE_STANDARD = gnu99;
				GCC_ENABLE_OBJC_EXCEPTIONS = YES;
				GCC_VERSION = com.apple.compilers.llvm.clang.1_0;
				GCC_WARN_64_TO_32_BIT_CONVERSION = YES;
				GCC_WARN_ABOUT_MISSING_PROTOTYPES = YES;
				GCC_WARN_ABOUT_RETURN_TYPE = YES;
				GCC_WARN_UNUSED_VARIABLE = YES;
				MACOSX_DEPLOYMENT_TARGET = 10.7;
				SDKROOT = macosx;
			};
			name = Release;
		};
		4C75C04C1431C4BF00D35C74 /* Debug */ = {
			isa = XCBuildConfiguration;
			buildSettings = {
				GCC_PRECOMPILE_PREFIX_HEADER = YES;
				GCC_PREFIX_HEADER = "FullScreenUIElement/FullScreenUIElement-Prefix.pch";
				INFOPLIST_FILE = "FullScreenUIElement/FullScreenUIElement-Info.plist";
				PRODUCT_NAME = "$(TARGET_NAME)";
				WRAPPER_EXTENSION = app;
			};
			name = Debug;
		};
		4C75C04D1431C4BF00D35C74 /* Release */ = {
			isa = XCBuildConfiguration;
			buildSettings = {
				GCC_PRECOMPILE_PREFIX_HEADER = YES;
				GCC_PREFIX_HEADER = "FullScreenUIElement/FullScreenUIElement-Prefix.pch";
				INFOPLIST_FILE = "FullScreenUIElement/FullScreenUIElement-Info.plist";
				PRODUCT_NAME = "$(TARGET_NAME)";
				WRAPPER_EXTENSION = app;
			};
			name = Release;
		};
/* End XCBuildConfiguration section */

/* Begin XCConfigurationList section */
		4C75C0271431C4BF00D35C74 /* Build configuration list for PBXProject "FullScreenUIElement" */ = {
			isa = XCConfigurationList;
			buildConfigurations = (
				4C75C0491431C4BF00D35C74 /* Debug */,
				4C75C04A1431C4BF00D35C74 /* Release */,
			);
			defaultConfigurationIsVisible = 0;
			defaultConfigurationName = Release;
		};
		4C75C04B1431C4BF00D35C74 /* Build configuration list for PBXNativeTarget "FullScreenUIElement" */ = {
			isa = XCConfigurationList;
			buildConfigurations = (
				4C75C04C1431C4BF00D35C74 /* Debug */,
				4C75C04D1431C4BF00D35C74 /* Release */,
			);
			defaultConfigurationIsVisible = 0;
		};
/* End XCConfigurationList section */
	};
	rootObject = 4C75C0241431C4BF00D35C74 /* Project object */;
}
